// !$*UTF8*$!
{
	archiveVersion = 1;
	classes = {
	};
	objectVersion = 77;
	objects = {

/* Begin PBXBuildFile section */
		016B2CE20E511FE2F0F647FC /* KeyboardExtension.appex in Embed Foundation Extensions */ = {isa = PBXBuildFile; fileRef = B5809F698FBDFAA7D82BF2D4 /* KeyboardExtension.appex */; settings = {ATTRIBUTES = (RemoveHeadersOnCopy, ); }; };
		0E9C0272C5A3BEC340A272E7 /* KeyboardClipboardHelper.swift in Sources */ = {isa = PBXBuildFile; fileRef = 8133CDF44EA2EA2E4FAF18FD /* KeyboardClipboardHelper.swift */; };
		10A32F40B8DD182485CDE99F /* StyleSelectorView.swift in Sources */ = {isa = PBXBuildFile; fileRef = 56E910667A29FCCF0B95DF0F /* StyleSelectorView.swift */; };
		1135DE9479FFF83B21328AE6 /* TagCombination.swift in Sources */ = {isa = PBXBuildFile; fileRef = 88C28F02B8D990F71CDB5B7A /* TagCombination.swift */; };
		15383E4F9E254735834A2D91 /* KeyboardViewController.swift in Sources */ = {isa = PBXBuildFile; fileRef = 1E8DE75400C553EF057CBEA5 /* KeyboardViewController.swift */; };
		169461ECEF90FA16FC0A34A7 /* Color+Extension.swift in Sources */ = {isa = PBXBuildFile; fileRef = 9B406339F124EBA28CA52FC5 /* Color+Extension.swift */; };
		33D81F0399275F4EB9F24D59 /* SubscriptionManager.swift in Sources */ = {isa = PBXBuildFile; fileRef = 86D83D96FF22BFC335E43BF4 /* SubscriptionManager.swift */; };
		3EA0074F8B3475CA47051F21 /* AIKeyboardTests.swift in Sources */ = {isa = PBXBuildFile; fileRef = 38DA863FCDF8C88345B4C411 /* AIKeyboardTests.swift */; };
		4939AB4F239128826E4ECBEE /* KeyboardAIService.swift in Sources */ = {isa = PBXBuildFile; fileRef = 1974DD0EABC6A7DD2E3B5143 /* KeyboardAIService.swift */; };
		5025619E21029985E75E2DEA /* AppConstants.swift in Sources */ = {isa = PBXBuildFile; fileRef = 6E5007F1234E0019DC4D6A91 /* AppConstants.swift */; };
		507BDE8CE0F7CC67D40EA74F /* TagCombinationListView.swift in Sources */ = {isa = PBXBuildFile; fileRef = C10B5A17B2174B76EBA52712 /* TagCombinationListView.swift */; };
		51A4D99330CD804569593B83 /* UpgradeProView.swift in Sources */ = {isa = PBXBuildFile; fileRef = 64429C9BB040EBC73289414F /* UpgradeProView.swift */; };
		57E44BC015FC915797F1F41F /* StyleTag.swift in Sources */ = {isa = PBXBuildFile; fileRef = B20BB20B0C7E82FFC052AB70 /* StyleTag.swift */; };
		5C73BDA9D124187C6704D4E1 /* UserDefaults+AppGroup.swift in Sources */ = {isa = PBXBuildFile; fileRef = 43C01E426E441E41F687A3D3 /* UserDefaults+AppGroup.swift */; };
		5C8F2AC09AF3A5B7FD61A698 /* UserDefaults+AppGroup.swift in Sources */ = {isa = PBXBuildFile; fileRef = 43C01E426E441E41F687A3D3 /* UserDefaults+AppGroup.swift */; };
		5E76BCBB3B0CE5C974E5E4C6 /* ReplyCardView.swift in Sources */ = {isa = PBXBuildFile; fileRef = 13656596FC0AA8880C8C8192 /* ReplyCardView.swift */; };
		6623C3E67314FAFBE35CBF0E /* KeyboardStylePickerView.swift in Sources */ = {isa = PBXBuildFile; fileRef = 94F521F553EB52759B42190F /* KeyboardStylePickerView.swift */; };
		66DB6F486B3B067175CB2CEE /* TagCombinationEditorView.swift in Sources */ = {isa = PBXBuildFile; fileRef = 3B68B467CD8A07B8EAC6EF2C /* TagCombinationEditorView.swift */; };
		6773660236AFCA0C5D4D3109 /* AppLogger.swift in Sources */ = {isa = PBXBuildFile; fileRef = 19A0774E8C138B925640185D /* AppLogger.swift */; };
		6CB5589417C53824C947E46A /* Subscription.swift in Sources */ = {isa = PBXBuildFile; fileRef = 1ADB02A2FDF8F72559D6F080 /* Subscription.swift */; };
		7D6FF1AFC80615DA5B9936CA /* AIKeyboardApp.swift in Sources */ = {isa = PBXBuildFile; fileRef = 49C7C1CAE76716CB58E815BE /* AIKeyboardApp.swift */; };
		7E08A38BED3FECCF55945176 /* TagCombination.swift in Sources */ = {isa = PBXBuildFile; fileRef = 88C28F02B8D990F71CDB5B7A /* TagCombination.swift */; };
		80EB610D928C6CB66C1477D8 /* APIConfig.swift in Sources */ = {isa = PBXBuildFile; fileRef = 2C8321C802D5BF24A9E5F420 /* APIConfig.swift */; };
		838806588290FC13884FE446 /* AIService.swift in Sources */ = {isa = PBXBuildFile; fileRef = FA74C57065323EB474079F8A /* AIService.swift */; };
		86D84B51E78EC8DFEB67EC9E /* SettingsView.swift in Sources */ = {isa = PBXBuildFile; fileRef = 42B81D8D2306DE416EFCF9E8 /* SettingsView.swift */; };
		93E986BAD9D2896EB08A64BE /* APIConfig.swift in Sources */ = {isa = PBXBuildFile; fileRef = 2C8321C802D5BF24A9E5F420 /* APIConfig.swift */; };
		9684853C0225D70794522C1C /* KeyboardMainView.swift in Sources */ = {isa = PBXBuildFile; fileRef = F0FF270559A37C9C5A82D55E /* KeyboardMainView.swift */; };
		968C5F5A660F7FD6CECD087D /* Subscription.swift in Sources */ = {isa = PBXBuildFile; fileRef = 1ADB02A2FDF8F72559D6F080 /* Subscription.swift */; };
		9790384B063975B4589732ED /* StyleListView.swift in Sources */ = {isa = PBXBuildFile; fileRef = 0C2277EE9C95168AB09129F8 /* StyleListView.swift */; };
		99412F82C146A275D15500EF /* ClipboardService.swift in Sources */ = {isa = PBXBuildFile; fileRef = 04B9A507C38EAE90E9B5E1C6 /* ClipboardService.swift */; };
		9D1B42D4C7A88D002D271FF2 /* DailyUsageManager.swift in Sources */ = {isa = PBXBuildFile; fileRef = 80CF0E8B58E6E8156B7DC0C6 /* DailyUsageManager.swift */; };
		9F21E840EA08ABCA361CFC6D /* TagSelectorView.swift in Sources */ = {isa = PBXBuildFile; fileRef = 0D7949559B4350868AF007EF /* TagSelectorView.swift */; };
		A184FD4E79623E536F087D2A /* Assets.xcassets in Resources */ = {isa = PBXBuildFile; fileRef = A8DAC9D3EDAE7B0D242FDF4C /* Assets.xcassets */; };
		A560394A0663CA6745A92F79 /* String+Extension.swift in Sources */ = {isa = PBXBuildFile; fileRef = 24E888FB16AF853894EFC78D /* String+Extension.swift */; };
		A9CB81F7072E8703C03BB5F3 /* StyleTag.swift in Sources */ = {isa = PBXBuildFile; fileRef = B20BB20B0C7E82FFC052AB70 /* StyleTag.swift */; };
		ADAC395181D709825A4918EB /* AppConstants.swift in Sources */ = {isa = PBXBuildFile; fileRef = 6E5007F1234E0019DC4D6A91 /* AppConstants.swift */; };
		B161F5DBC0C704EAFB555D27 /* StyleEditorView.swift in Sources */ = {isa = PBXBuildFile; fileRef = 5304E373D1635B0FE571E675 /* StyleEditorView.swift */; };
		B5BF0189A03D0098FD9A87B9 /* DailyUsageManager.swift in Sources */ = {isa = PBXBuildFile; fileRef = 80CF0E8B58E6E8156B7DC0C6 /* DailyUsageManager.swift */; };
		B6A1F946DC98C5FDD71CBDAE /* AppLogger.swift in Sources */ = {isa = PBXBuildFile; fileRef = 19A0774E8C138B925640185D /* AppLogger.swift */; };
		BE3364474F7F5EA6D91D8052 /* TokenManager.swift in Sources */ = {isa = PBXBuildFile; fileRef = C8251DB4DFA4BACB16AB39C6 /* TokenManager.swift */; };
		C16AD54247056C0D0A991AA5 /* StyleCombination.swift in Sources */ = {isa = PBXBuildFile; fileRef = 80B237C58688B2547DB6F7AE /* StyleCombination.swift */; };
		D5B27F6058EF04A3A9E7DAA3 /* String+Extension.swift in Sources */ = {isa = PBXBuildFile; fileRef = 24E888FB16AF853894EFC78D /* String+Extension.swift */; };
		E1860F9E5DA28FD99C2A0034 /* SubscriptionView.swift in Sources */ = {isa = PBXBuildFile; fileRef = 43C06E3EB83F0C7F961C0200 /* SubscriptionView.swift */; };
		E1A450C16101EFE5D9F4A222 /* SpeakingStyle.swift in Sources */ = {isa = PBXBuildFile; fileRef = 4F5630096A711B8C112190D6 /* SpeakingStyle.swift */; };
		EEDA989068118A6D710808D1 /* ContentView.swift in Sources */ = {isa = PBXBuildFile; fileRef = 266291BBC1AEA883CECD5A82 /* ContentView.swift */; };
		EF88CA1255D92CC6F80FD992 /* SpeakingStyle.swift in Sources */ = {isa = PBXBuildFile; fileRef = 4F5630096A711B8C112190D6 /* SpeakingStyle.swift */; };
		EFB58C4878F3D4F7201BD617 /* StyleManager.swift in Sources */ = {isa = PBXBuildFile; fileRef = 40CBBAC20E78041715BD72B8 /* StyleManager.swift */; };
		F36F423779F3CC44513C8AEB /* StyleCombination.swift in Sources */ = {isa = PBXBuildFile; fileRef = 80B237C58688B2547DB6F7AE /* StyleCombination.swift */; };
		F4AB360794AA5C6A16DB8D70 /* Color+Extension.swift in Sources */ = {isa = PBXBuildFile; fileRef = 9B406339F124EBA28CA52FC5 /* Color+Extension.swift */; };
		F5D7A6D2CC935F9BA19DA321 /* TagManager.swift in Sources */ = {isa = PBXBuildFile; fileRef = 1494C8959ED12ECAD238B27F /* TagManager.swift */; };
/* End PBXBuildFile section */

/* Begin PBXContainerItemProxy section */
		24A6EC5408FF1463A2E139A6 /* PBXContainerItemProxy */ = {
			isa = PBXContainerItemProxy;
			containerPortal = 35C086F2C3EDCBAA44AC88EC /* Project object */;
			proxyType = 1;
			remoteGlobalIDString = 1D0D052FDCA78E90F3C7922A;
			remoteInfo = AIKeyboard;
		};
		E0288B573E9B4D9FE8D0FDE5 /* PBXContainerItemProxy */ = {
			isa = PBXContainerItemProxy;
			containerPortal = 35C086F2C3EDCBAA44AC88EC /* Project object */;
			proxyType = 1;
			remoteGlobalIDString = 756F6BA989BB860F0D06ED0B;
			remoteInfo = KeyboardExtension;
		};
/* End PBXContainerItemProxy section */

/* Begin PBXCopyFilesBuildPhase section */
		1EDAD8A47C5BE04C7CF29EDA /* Embed Foundation Extensions */ = {
			isa = PBXCopyFilesBuildPhase;
			buildActionMask = 2147483647;
			dstPath = "";
			dstSubfolderSpec = 13;
			files = (
				016B2CE20E511FE2F0F647FC /* KeyboardExtension.appex in Embed Foundation Extensions */,
			);
			name = "Embed Foundation Extensions";
			runOnlyForDeploymentPostprocessing = 0;
		};
/* End PBXCopyFilesBuildPhase section */

/* Begin PBXFileReference section */
		04B9A507C38EAE90E9B5E1C6 /* ClipboardService.swift */ = {isa = PBXFileReference; lastKnownFileType = sourcecode.swift; path = ClipboardService.swift; sourceTree = "<group>"; };
		04F96BB7F53F27CC5AB05995 /* AIKeyboard.entitlements */ = {isa = PBXFileReference; lastKnownFileType = text.plist.entitlements; path = AIKeyboard.entitlements; sourceTree = "<group>"; };
		0C2277EE9C95168AB09129F8 /* StyleListView.swift */ = {isa = PBXFileReference; lastKnownFileType = sourcecode.swift; path = StyleListView.swift; sourceTree = "<group>"; };
		0D7949559B4350868AF007EF /* TagSelectorView.swift */ = {isa = PBXFileReference; lastKnownFileType = sourcecode.swift; path = TagSelectorView.swift; sourceTree = "<group>"; };
		13656596FC0AA8880C8C8192 /* ReplyCardView.swift */ = {isa = PBXFileReference; lastKnownFileType = sourcecode.swift; path = ReplyCardView.swift; sourceTree = "<group>"; };
		1494C8959ED12ECAD238B27F /* TagManager.swift */ = {isa = PBXFileReference; lastKnownFileType = sourcecode.swift; path = TagManager.swift; sourceTree = "<group>"; };
		1974DD0EABC6A7DD2E3B5143 /* KeyboardAIService.swift */ = {isa = PBXFileReference; lastKnownFileType = sourcecode.swift; path = KeyboardAIService.swift; sourceTree = "<group>"; };
		19A0774E8C138B925640185D /* AppLogger.swift */ = {isa = PBXFileReference; lastKnownFileType = sourcecode.swift; path = AppLogger.swift; sourceTree = "<group>"; };
		1ADB02A2FDF8F72559D6F080 /* Subscription.swift */ = {isa = PBXFileReference; lastKnownFileType = sourcecode.swift; path = Subscription.swift; sourceTree = "<group>"; };
		1C9A0F4E07B7688E4923FDC5 /* Info.plist */ = {isa = PBXFileReference; lastKnownFileType = text.plist; path = Info.plist; sourceTree = "<group>"; };
		1E8DE75400C553EF057CBEA5 /* KeyboardViewController.swift */ = {isa = PBXFileReference; lastKnownFileType = sourcecode.swift; path = KeyboardViewController.swift; sourceTree = "<group>"; };
		24E888FB16AF853894EFC78D /* String+Extension.swift */ = {isa = PBXFileReference; lastKnownFileType = sourcecode.swift; path = "String+Extension.swift"; sourceTree = "<group>"; };
		266291BBC1AEA883CECD5A82 /* ContentView.swift */ = {isa = PBXFileReference; lastKnownFileType = sourcecode.swift; path = ContentView.swift; sourceTree = "<group>"; };
		2C8321C802D5BF24A9E5F420 /* APIConfig.swift */ = {isa = PBXFileReference; lastKnownFileType = sourcecode.swift; path = APIConfig.swift; sourceTree = "<group>"; };
		38DA863FCDF8C88345B4C411 /* AIKeyboardTests.swift */ = {isa = PBXFileReference; lastKnownFileType = sourcecode.swift; path = AIKeyboardTests.swift; sourceTree = "<group>"; };
		3B68B467CD8A07B8EAC6EF2C /* TagCombinationEditorView.swift */ = {isa = PBXFileReference; lastKnownFileType = sourcecode.swift; path = TagCombinationEditorView.swift; sourceTree = "<group>"; };
		40CBBAC20E78041715BD72B8 /* StyleManager.swift */ = {isa = PBXFileReference; lastKnownFileType = sourcecode.swift; path = StyleManager.swift; sourceTree = "<group>"; };
		42B81D8D2306DE416EFCF9E8 /* SettingsView.swift */ = {isa = PBXFileReference; lastKnownFileType = sourcecode.swift; path = SettingsView.swift; sourceTree = "<group>"; };
		42CC4CD26BABC70F54435B9A /* AIKeyboardTests.xctest */ = {isa = PBXFileReference; includeInIndex = 0; lastKnownFileType = wrapper.cfbundle; path = AIKeyboardTests.xctest; sourceTree = BUILT_PRODUCTS_DIR; };
		43C01E426E441E41F687A3D3 /* UserDefaults+AppGroup.swift */ = {isa = PBXFileReference; lastKnownFileType = sourcecode.swift; path = "UserDefaults+AppGroup.swift"; sourceTree = "<group>"; };
		43C06E3EB83F0C7F961C0200 /* SubscriptionView.swift */ = {isa = PBXFileReference; lastKnownFileType = sourcecode.swift; path = SubscriptionView.swift; sourceTree = "<group>"; };
		49C7C1CAE76716CB58E815BE /* AIKeyboardApp.swift */ = {isa = PBXFileReference; lastKnownFileType = sourcecode.swift; path = AIKeyboardApp.swift; sourceTree = "<group>"; };
		4A0338C7A2E02C0C011C722A /* Info.plist */ = {isa = PBXFileReference; lastKnownFileType = text.plist; path = Info.plist; sourceTree = "<group>"; };
		4F5630096A711B8C112190D6 /* SpeakingStyle.swift */ = {isa = PBXFileReference; lastKnownFileType = sourcecode.swift; path = SpeakingStyle.swift; sourceTree = "<group>"; };
		5304E373D1635B0FE571E675 /* StyleEditorView.swift */ = {isa = PBXFileReference; lastKnownFileType = sourcecode.swift; path = StyleEditorView.swift; sourceTree = "<group>"; };
		56E910667A29FCCF0B95DF0F /* StyleSelectorView.swift */ = {isa = PBXFileReference; lastKnownFileType = sourcecode.swift; path = StyleSelectorView.swift; sourceTree = "<group>"; };
		64429C9BB040EBC73289414F /* UpgradeProView.swift */ = {isa = PBXFileReference; lastKnownFileType = sourcecode.swift; path = UpgradeProView.swift; sourceTree = "<group>"; };
		6E5007F1234E0019DC4D6A91 /* AppConstants.swift */ = {isa = PBXFileReference; lastKnownFileType = sourcecode.swift; path = AppConstants.swift; sourceTree = "<group>"; };
		80B237C58688B2547DB6F7AE /* StyleCombination.swift */ = {isa = PBXFileReference; lastKnownFileType = sourcecode.swift; path = StyleCombination.swift; sourceTree = "<group>"; };
		80CF0E8B58E6E8156B7DC0C6 /* DailyUsageManager.swift */ = {isa = PBXFileReference; lastKnownFileType = sourcecode.swift; path = DailyUsageManager.swift; sourceTree = "<group>"; };
		8133CDF44EA2EA2E4FAF18FD /* KeyboardClipboardHelper.swift */ = {isa = PBXFileReference; lastKnownFileType = sourcecode.swift; path = KeyboardClipboardHelper.swift; sourceTree = "<group>"; };
		86D83D96FF22BFC335E43BF4 /* SubscriptionManager.swift */ = {isa = PBXFileReference; lastKnownFileType = sourcecode.swift; path = SubscriptionManager.swift; sourceTree = "<group>"; };
		88C28F02B8D990F71CDB5B7A /* TagCombination.swift */ = {isa = PBXFileReference; lastKnownFileType = sourcecode.swift; path = TagCombination.swift; sourceTree = "<group>"; };
		94F521F553EB52759B42190F /* KeyboardStylePickerView.swift */ = {isa = PBXFileReference; lastKnownFileType = sourcecode.swift; path = KeyboardStylePickerView.swift; sourceTree = "<group>"; };
		9B406339F124EBA28CA52FC5 /* Color+Extension.swift */ = {isa = PBXFileReference; lastKnownFileType = sourcecode.swift; path = "Color+Extension.swift"; sourceTree = "<group>"; };
		A85BE0E1E51B673193DE00C1 /* AIKeyboard.app */ = {isa = PBXFileReference; includeInIndex = 0; lastKnownFileType = wrapper.application; path = AIKeyboard.app; sourceTree = BUILT_PRODUCTS_DIR; };
		A8DAC9D3EDAE7B0D242FDF4C /* Assets.xcassets */ = {isa = PBXFileReference; lastKnownFileType = folder.assetcatalog; path = Assets.xcassets; sourceTree = "<group>"; };
		B20BB20B0C7E82FFC052AB70 /* StyleTag.swift */ = {isa = PBXFileReference; lastKnownFileType = sourcecode.swift; path = StyleTag.swift; sourceTree = "<group>"; };
		B5809F698FBDFAA7D82BF2D4 /* KeyboardExtension.appex */ = {isa = PBXFileReference; includeInIndex = 0; lastKnownFileType = "wrapper.app-extension"; path = KeyboardExtension.appex; sourceTree = BUILT_PRODUCTS_DIR; };
		C10B5A17B2174B76EBA52712 /* TagCombinationListView.swift */ = {isa = PBXFileReference; lastKnownFileType = sourcecode.swift; path = TagCombinationListView.swift; sourceTree = "<group>"; };
		C8251DB4DFA4BACB16AB39C6 /* TokenManager.swift */ = {isa = PBXFileReference; lastKnownFileType = sourcecode.swift; path = TokenManager.swift; sourceTree = "<group>"; };
		C9B04BACC2FA58203828D9AB /* KeyboardExtension.entitlements */ = {isa = PBXFileReference; lastKnownFileType = text.plist.entitlements; path = KeyboardExtension.entitlements; sourceTree = "<group>"; };
		F0FF270559A37C9C5A82D55E /* KeyboardMainView.swift */ = {isa = PBXFileReference; lastKnownFileType = sourcecode.swift; path = KeyboardMainView.swift; sourceTree = "<group>"; };
		FA74C57065323EB474079F8A /* AIService.swift */ = {isa = PBXFileReference; lastKnownFileType = sourcecode.swift; path = AIService.swift; sourceTree = "<group>"; };
/* End PBXFileReference section */

/* Begin PBXGroup section */
		02F1AC7823F1C654DF2C51A3 = {
			isa = PBXGroup;
			children = (
				8F080BF13C415B75DD5D9C9D /* AIKeyboard */,
				B42C817EB1A388C575670655 /* KeyboardExtension */,
				649074E8D47F5A746526CC41 /* Shared */,
				C034678013715A91984570C1 /* Tests */,
				1DCB8402EB9C88F48EA3D4AB /* Products */,
			);
			sourceTree = "<group>";
		};
		0E62FD94AABF1064DDC49F83 /* Helpers */ = {
			isa = PBXGroup;
			children = (
				1974DD0EABC6A7DD2E3B5143 /* KeyboardAIService.swift */,
				8133CDF44EA2EA2E4FAF18FD /* KeyboardClipboardHelper.swift */,
			);
			path = Helpers;
			sourceTree = "<group>";
		};
		19B9E39523BA11BF92C4F974 /* Views */ = {
			isa = PBXGroup;
			children = (
				F0FF270559A37C9C5A82D55E /* KeyboardMainView.swift */,
				94F521F553EB52759B42190F /* KeyboardStylePickerView.swift */,
				13656596FC0AA8880C8C8192 /* ReplyCardView.swift */,
				56E910667A29FCCF0B95DF0F /* StyleSelectorView.swift */,
				64429C9BB040EBC73289414F /* UpgradeProView.swift */,
			);
			path = Views;
			sourceTree = "<group>";
		};
		1DCB8402EB9C88F48EA3D4AB /* Products */ = {
			isa = PBXGroup;
			children = (
				A85BE0E1E51B673193DE00C1 /* AIKeyboard.app */,
				42CC4CD26BABC70F54435B9A /* AIKeyboardTests.xctest */,
				B5809F698FBDFAA7D82BF2D4 /* KeyboardExtension.appex */,
			);
			name = Products;
			sourceTree = "<group>";
		};
		4965487076C0298D2DC79085 /* Services */ = {
			isa = PBXGroup;
			children = (
				80CF0E8B58E6E8156B7DC0C6 /* DailyUsageManager.swift */,
			);
			path = Services;
			sourceTree = "<group>";
		};
		540540A13256B109A8814536 /* Resources */ = {
			isa = PBXGroup;
			children = (
				04F96BB7F53F27CC5AB05995 /* AIKeyboard.entitlements */,
				A8DAC9D3EDAE7B0D242FDF4C /* Assets.xcassets */,
				1C9A0F4E07B7688E4923FDC5 /* Info.plist */,
			);
			path = Resources;
			sourceTree = "<group>";
		};
		649074E8D47F5A746526CC41 /* Shared */ = {
			isa = PBXGroup;
			children = (
				F6A22622C027FB6905DEFD82 /* Constants */,
				83BB5A321F01BCA335F50C67 /* Extensions */,
				C1F51654A88A62797FF5ECBC /* Models */,
				4965487076C0298D2DC79085 /* Services */,
				7C057BF8C04A24C233C9CB83 /* Utils */,
			);
			path = Shared;
			sourceTree = "<group>";
		};
		7C057BF8C04A24C233C9CB83 /* Utils */ = {
			isa = PBXGroup;
			children = (
				19A0774E8C138B925640185D /* AppLogger.swift */,
			);
			path = Utils;
			sourceTree = "<group>";
		};
		83BB5A321F01BCA335F50C67 /* Extensions */ = {
			isa = PBXGroup;
			children = (
				9B406339F124EBA28CA52FC5 /* Color+Extension.swift */,
				24E888FB16AF853894EFC78D /* String+Extension.swift */,
				43C01E426E441E41F687A3D3 /* UserDefaults+AppGroup.swift */,
			);
			path = Extensions;
			sourceTree = "<group>";
		};
		8F080BF13C415B75DD5D9C9D /* AIKeyboard */ = {
			isa = PBXGroup;
			children = (
				F0A954DEB6AE37B17F3227A3 /* App */,
				540540A13256B109A8814536 /* Resources */,
				A5E0524526E08DBB4B79DC01 /* Services */,
				A657F7E10CB7957C6839BE2B /* Views */,
			);
			path = AIKeyboard;
			sourceTree = "<group>";
		};
		A5E0524526E08DBB4B79DC01 /* Services */ = {
			isa = PBXGroup;
			children = (
				FA74C57065323EB474079F8A /* AIService.swift */,
				04B9A507C38EAE90E9B5E1C6 /* ClipboardService.swift */,
				40CBBAC20E78041715BD72B8 /* StyleManager.swift */,
				86D83D96FF22BFC335E43BF4 /* SubscriptionManager.swift */,
				1494C8959ED12ECAD238B27F /* TagManager.swift */,
				C8251DB4DFA4BACB16AB39C6 /* TokenManager.swift */,
			);
			path = Services;
			sourceTree = "<group>";
		};
		A657F7E10CB7957C6839BE2B /* Views */ = {
			isa = PBXGroup;
			children = (
				266291BBC1AEA883CECD5A82 /* ContentView.swift */,
				42B81D8D2306DE416EFCF9E8 /* SettingsView.swift */,
				5304E373D1635B0FE571E675 /* StyleEditorView.swift */,
				0C2277EE9C95168AB09129F8 /* StyleListView.swift */,
				43C06E3EB83F0C7F961C0200 /* SubscriptionView.swift */,
				3B68B467CD8A07B8EAC6EF2C /* TagCombinationEditorView.swift */,
				C10B5A17B2174B76EBA52712 /* TagCombinationListView.swift */,
				0D7949559B4350868AF007EF /* TagSelectorView.swift */,
			);
			path = Views;
			sourceTree = "<group>";
		};
		B42C817EB1A388C575670655 /* KeyboardExtension */ = {
			isa = PBXGroup;
			children = (
				4A0338C7A2E02C0C011C722A /* Info.plist */,
				C9B04BACC2FA58203828D9AB /* KeyboardExtension.entitlements */,
				1E8DE75400C553EF057CBEA5 /* KeyboardViewController.swift */,
				0E62FD94AABF1064DDC49F83 /* Helpers */,
				19B9E39523BA11BF92C4F974 /* Views */,
			);
			path = KeyboardExtension;
			sourceTree = "<group>";
		};
		C034678013715A91984570C1 /* Tests */ = {
			isa = PBXGroup;
			children = (
				38DA863FCDF8C88345B4C411 /* AIKeyboardTests.swift */,
			);
			path = Tests;
			sourceTree = "<group>";
		};
		C1F51654A88A62797FF5ECBC /* Models */ = {
			isa = PBXGroup;
			children = (
				4F5630096A711B8C112190D6 /* SpeakingStyle.swift */,
				80B237C58688B2547DB6F7AE /* StyleCombination.swift */,
				B20BB20B0C7E82FFC052AB70 /* StyleTag.swift */,
				1ADB02A2FDF8F72559D6F080 /* Subscription.swift */,
				88C28F02B8D990F71CDB5B7A /* TagCombination.swift */,
			);
			path = Models;
			sourceTree = "<group>";
		};
		F0A954DEB6AE37B17F3227A3 /* App */ = {
			isa = PBXGroup;
			children = (
				49C7C1CAE76716CB58E815BE /* AIKeyboardApp.swift */,
			);
			path = App;
			sourceTree = "<group>";
		};
		F6A22622C027FB6905DEFD82 /* Constants */ = {
			isa = PBXGroup;
			children = (
				2C8321C802D5BF24A9E5F420 /* APIConfig.swift */,
				6E5007F1234E0019DC4D6A91 /* AppConstants.swift */,
			);
			path = Constants;
			sourceTree = "<group>";
		};
/* End PBXGroup section */

/* Begin PBXNativeTarget section */
		1D0D052FDCA78E90F3C7922A /* AIKeyboard */ = {
			isa = PBXNativeTarget;
			buildConfigurationList = DF6A158DB6AE31EAE696E385 /* Build configuration list for PBXNativeTarget "AIKeyboard" */;
			buildPhases = (
				640E3BBC1C443EDEA6378766 /* Sources */,
				6F39ED34606936BE7434A707 /* Resources */,
				1EDAD8A47C5BE04C7CF29EDA /* Embed Foundation Extensions */,
			);
			buildRules = (
			);
			dependencies = (
				D02118DEFE0B6FA18EF229BB /* PBXTargetDependency */,
			);
			name = AIKeyboard;
			packageProductDependencies = (
			);
			productName = AIKeyboard;
			productReference = A85BE0E1E51B673193DE00C1 /* AIKeyboard.app */;
			productType = "com.apple.product-type.application";
		};
		756F6BA989BB860F0D06ED0B /* KeyboardExtension */ = {
			isa = PBXNativeTarget;
			buildConfigurationList = ED303FB87566CDA6AD33FA04 /* Build configuration list for PBXNativeTarget "KeyboardExtension" */;
			buildPhases = (
				706DC29F182060372AB57298 /* Sources */,
			);
			buildRules = (
			);
			dependencies = (
			);
			name = KeyboardExtension;
			packageProductDependencies = (
			);
			productName = KeyboardExtension;
			productReference = B5809F698FBDFAA7D82BF2D4 /* KeyboardExtension.appex */;
			productType = "com.apple.product-type.app-extension";
		};
		98AF2378450BB8D3E12919B7 /* AIKeyboardTests */ = {
			isa = PBXNativeTarget;
			buildConfigurationList = 73DB82FEA35A7AD989667BE9 /* Build configuration list for PBXNativeTarget "AIKeyboardTests" */;
			buildPhases = (
				0E2ACCE6B50350EB7A8E79C4 /* Sources */,
			);
			buildRules = (
			);
			dependencies = (
				04164DF3B5B86106C5389CBE /* PBXTargetDependency */,
			);
			name = AIKeyboardTests;
			packageProductDependencies = (
			);
			productName = AIKeyboardTests;
			productReference = 42CC4CD26BABC70F54435B9A /* AIKeyboardTests.xctest */;
			productType = "com.apple.product-type.bundle.unit-test";
		};
/* End PBXNativeTarget section */

/* Begin PBXProject section */
		35C086F2C3EDCBAA44AC88EC /* Project object */ = {
			isa = PBXProject;
			attributes = {
				BuildIndependentTargetsInParallel = YES;
				LastUpgradeCheck = 1430;
			};
			buildConfigurationList = 828B75E2CF5213547895C3C1 /* Build configuration list for PBXProject "AIKeyboard" */;
			compatibilityVersion = "Xcode 14.0";
			developmentRegion = en;
			hasScannedForEncodings = 0;
			knownRegions = (
				Base,
				en,
			);
			mainGroup = 02F1AC7823F1C654DF2C51A3;
			minimizedProjectReferenceProxies = 1;
			preferredProjectObjectVersion = 77;
			projectDirPath = "";
			projectRoot = "";
			targets = (
				1D0D052FDCA78E90F3C7922A /* AIKeyboard */,
				98AF2378450BB8D3E12919B7 /* AIKeyboardTests */,
				756F6BA989BB860F0D06ED0B /* KeyboardExtension */,
			);
		};
/* End PBXProject section */

/* Begin PBXResourcesBuildPhase section */
		6F39ED34606936BE7434A707 /* Resources */ = {
			isa = PBXResourcesBuildPhase;
			buildActionMask = 2147483647;
			files = (
				A184FD4E79623E536F087D2A /* Assets.xcassets in Resources */,
			);
			runOnlyForDeploymentPostprocessing = 0;
		};
/* End PBXResourcesBuildPhase section */

/* Begin PBXSourcesBuildPhase section */
		0E2ACCE6B50350EB7A8E79C4 /* Sources */ = {
			isa = PBXSourcesBuildPhase;
			buildActionMask = 2147483647;
			files = (
				3EA0074F8B3475CA47051F21 /* AIKeyboardTests.swift in Sources */,
			);
			runOnlyForDeploymentPostprocessing = 0;
		};
		640E3BBC1C443EDEA6378766 /* Sources */ = {
			isa = PBXSourcesBuildPhase;
			buildActionMask = 2147483647;
			files = (
				7D6FF1AFC80615DA5B9936CA /* AIKeyboardApp.swift in Sources */,
				838806588290FC13884FE446 /* AIService.swift in Sources */,
				80EB610D928C6CB66C1477D8 /* APIConfig.swift in Sources */,
				ADAC395181D709825A4918EB /* AppConstants.swift in Sources */,
				B6A1F946DC98C5FDD71CBDAE /* AppLogger.swift in Sources */,
				99412F82C146A275D15500EF /* ClipboardService.swift in Sources */,
				F4AB360794AA5C6A16DB8D70 /* Color+Extension.swift in Sources */,
				EEDA989068118A6D710808D1 /* ContentView.swift in Sources */,
				9D1B42D4C7A88D002D271FF2 /* DailyUsageManager.swift in Sources */,
				86D84B51E78EC8DFEB67EC9E /* SettingsView.swift in Sources */,
				EF88CA1255D92CC6F80FD992 /* SpeakingStyle.swift in Sources */,
				D5B27F6058EF04A3A9E7DAA3 /* String+Extension.swift in Sources */,
				F36F423779F3CC44513C8AEB /* StyleCombination.swift in Sources */,
				B161F5DBC0C704EAFB555D27 /* StyleEditorView.swift in Sources */,
				9790384B063975B4589732ED /* StyleListView.swift in Sources */,
				EFB58C4878F3D4F7201BD617 /* StyleManager.swift in Sources */,
				57E44BC015FC915797F1F41F /* StyleTag.swift in Sources */,
				968C5F5A660F7FD6CECD087D /* Subscription.swift in Sources */,
				33D81F0399275F4EB9F24D59 /* SubscriptionManager.swift in Sources */,
				E1860F9E5DA28FD99C2A0034 /* SubscriptionView.swift in Sources */,
				1135DE9479FFF83B21328AE6 /* TagCombination.swift in Sources */,
				66DB6F486B3B067175CB2CEE /* TagCombinationEditorView.swift in Sources */,
				507BDE8CE0F7CC67D40EA74F /* TagCombinationListView.swift in Sources */,
				F5D7A6D2CC935F9BA19DA321 /* TagManager.swift in Sources */,
				9F21E840EA08ABCA361CFC6D /* TagSelectorView.swift in Sources */,
				BE3364474F7F5EA6D91D8052 /* TokenManager.swift in Sources */,
				5C8F2AC09AF3A5B7FD61A698 /* UserDefaults+AppGroup.swift in Sources */,
			);
			runOnlyForDeploymentPostprocessing = 0;
		};
		706DC29F182060372AB57298 /* Sources */ = {
			isa = PBXSourcesBuildPhase;
			buildActionMask = 2147483647;
			files = (
				93E986BAD9D2896EB08A64BE /* APIConfig.swift in Sources */,
				5025619E21029985E75E2DEA /* AppConstants.swift in Sources */,
				6773660236AFCA0C5D4D3109 /* AppLogger.swift in Sources */,
				169461ECEF90FA16FC0A34A7 /* Color+Extension.swift in Sources */,
				B5BF0189A03D0098FD9A87B9 /* DailyUsageManager.swift in Sources */,
				4939AB4F239128826E4ECBEE /* KeyboardAIService.swift in Sources */,
				0E9C0272C5A3BEC340A272E7 /* KeyboardClipboardHelper.swift in Sources */,
				9684853C0225D70794522C1C /* KeyboardMainView.swift in Sources */,
				6623C3E67314FAFBE35CBF0E /* KeyboardStylePickerView.swift in Sources */,
				15383E4F9E254735834A2D91 /* KeyboardViewController.swift in Sources */,
				5E76BCBB3B0CE5C974E5E4C6 /* ReplyCardView.swift in Sources */,
				E1A450C16101EFE5D9F4A222 /* SpeakingStyle.swift in Sources */,
				A560394A0663CA6745A92F79 /* String+Extension.swift in Sources */,
				C16AD54247056C0D0A991AA5 /* StyleCombination.swift in Sources */,
				10A32F40B8DD182485CDE99F /* StyleSelectorView.swift in Sources */,
				A9CB81F7072E8703C03BB5F3 /* StyleTag.swift in Sources */,
				6CB5589417C53824C947E46A /* Subscription.swift in Sources */,
				7E08A38BED3FECCF55945176 /* TagCombination.swift in Sources */,
				51A4D99330CD804569593B83 /* UpgradeProView.swift in Sources */,
				5C73BDA9D124187C6704D4E1 /* UserDefaults+AppGroup.swift in Sources */,
			);
			runOnlyForDeploymentPostprocessing = 0;
		};
/* End PBXSourcesBuildPhase section */

/* Begin PBXTargetDependency section */
		04164DF3B5B86106C5389CBE /* PBXTargetDependency */ = {
			isa = PBXTargetDependency;
			target = 1D0D052FDCA78E90F3C7922A /* AIKeyboard */;
			targetProxy = 24A6EC5408FF1463A2E139A6 /* PBXContainerItemProxy */;
		};
		D02118DEFE0B6FA18EF229BB /* PBXTargetDependency */ = {
			isa = PBXTargetDependency;
			target = 756F6BA989BB860F0D06ED0B /* KeyboardExtension */;
			targetProxy = E0288B573E9B4D9FE8D0FDE5 /* PBXContainerItemProxy */;
		};
/* End PBXTargetDependency section */

/* Begin XCBuildConfiguration section */
		0095FB51B3AE0CFECBFDB284 /* Release */ = {
			isa = XCBuildConfiguration;
			buildSettings = {
				ALWAYS_EMBED_SWIFT_STANDARD_LIBRARIES = YES;
				ASSETCATALOG_COMPILER_APPICON_NAME = AppIcon;
				CODE_SIGN_ENTITLEMENTS = AIKeyboard/Resources/AIKeyboard.entitlements;
				CODE_SIGN_IDENTITY = "iPhone Developer";
				CURRENT_PROJECT_VERSION = 1;
				INFOPLIST_FILE = AIKeyboard/Resources/Info.plist;
				LD_RUNPATH_SEARCH_PATHS = (
					"$(inherited)",
					"@executable_path/Frameworks",
				);
				MARKETING_VERSION = 1.0.0;
				PRODUCT_BUNDLE_IDENTIFIER = com.jaxon.aikeyboard;
				SDKROOT = iphoneos;
				TARGETED_DEVICE_FAMILY = "1,2";
			};
			name = Release;
		};
		17E124CB59D2D0FE155B118A /* Debug */ = {
			isa = XCBuildConfiguration;
			buildSettings = {
				CODE_SIGN_ENTITLEMENTS = KeyboardExtension/KeyboardExtension.entitlements;
				CURRENT_PROJECT_VERSION = 1;
				INFOPLIST_FILE = KeyboardExtension/Info.plist;
				LD_RUNPATH_SEARCH_PATHS = (
					"$(inherited)",
					"@executable_path/Frameworks",
					"@executable_path/../../Frameworks",
				);
				MARKETING_VERSION = 1.0.0;
				PRODUCT_BUNDLE_IDENTIFIER = com.jaxon.aikeyboard.keyboard;
				SDKROOT = iphoneos;
				SKIP_INSTALL = YES;
				TARGETED_DEVICE_FAMILY = "1,2";
			};
			name = Debug;
		};
		3C002ADFD38BB5D8684A2FAF /* Debug */ = {
			isa = XCBuildConfiguration;
			buildSettings = {
				ALWAYS_EMBED_SWIFT_STANDARD_LIBRARIES = YES;
				ASSETCATALOG_COMPILER_APPICON_NAME = AppIcon;
				CODE_SIGN_ENTITLEMENTS = AIKeyboard/Resources/AIKeyboard.entitlements;
				CODE_SIGN_IDENTITY = "iPhone Developer";
				CURRENT_PROJECT_VERSION = 1;
				INFOPLIST_FILE = AIKeyboard/Resources/Info.plist;
				LD_RUNPATH_SEARCH_PATHS = (
					"$(inherited)",
					"@executable_path/Frameworks",
				);
				MARKETING_VERSION = 1.0.0;
				PRODUCT_BUNDLE_IDENTIFIER = com.jaxon.aikeyboard;
				SDKROOT = iphoneos;
				TARGETED_DEVICE_FAMILY = "1,2";
			};
			name = Debug;
		};
		60321FC4C30CAB00BEB43640 /* Release */ = {
			isa = XCBuildConfiguration;
			buildSettings = {
				BUNDLE_LOADER = "$(TEST_HOST)";
				LD_RUNPATH_SEARCH_PATHS = (
					"$(inherited)",
					"@executable_path/Frameworks",
					"@loader_path/Frameworks",
				);
				PRODUCT_BUNDLE_IDENTIFIER = com.jaxon.aikeyboard.tests;
				SDKROOT = iphoneos;
				TARGETED_DEVICE_FAMILY = "1,2";
				TEST_HOST = "$(BUILT_PRODUCTS_DIR)/AIKeyboard.app/AIKeyboard";
			};
			name = Release;
		};
		8DEECEFA2EA0C8433D51A63C /* Release */ = {
			isa = XCBuildConfiguration;
			buildSettings = {
				ALWAYS_SEARCH_USER_PATHS = NO;
				CLANG_ANALYZER_NONNULL = YES;
				CLANG_ANALYZER_NUMBER_OBJECT_CONVERSION = YES_AGGRESSIVE;
				CLANG_CXX_LANGUAGE_STANDARD = "gnu++14";
				CLANG_CXX_LIBRARY = "libc++";
				CLANG_ENABLE_MODULES = YES;
				CLANG_ENABLE_OBJC_ARC = YES;
				CLANG_ENABLE_OBJC_WEAK = YES;
				CLANG_WARN_BLOCK_CAPTURE_AUTORELEASING = YES;
				CLANG_WARN_BOOL_CONVERSION = YES;
				CLANG_WARN_COMMA = YES;
				CLANG_WARN_CONSTANT_CONVERSION = YES;
				CLANG_WARN_DEPRECATED_OBJC_IMPLEMENTATIONS = YES;
				CLANG_WARN_DIRECT_OBJC_ISA_USAGE = YES_ERROR;
				CLANG_WARN_DOCUMENTATION_COMMENTS = YES;
				CLANG_WARN_EMPTY_BODY = YES;
				CLANG_WARN_ENUM_CONVERSION = YES;
				CLANG_WARN_INFINITE_RECURSION = YES;
				CLANG_WARN_INT_CONVERSION = YES;
				CLANG_WARN_NON_LITERAL_NULL_CONVERSION = YES;
				CLANG_WARN_OBJC_IMPLICIT_RETAIN_SELF = YES;
				CLANG_WARN_OBJC_LITERAL_CONVERSION = YES;
				CLANG_WARN_OBJC_ROOT_CLASS = YES_ERROR;
				CLANG_WARN_QUOTED_INCLUDE_IN_FRAMEWORK_HEADER = YES;
				CLANG_WARN_RANGE_LOOP_ANALYSIS = YES;
				CLANG_WARN_STRICT_PROTOTYPES = YES;
				CLANG_WARN_SUSPICIOUS_MOVE = YES;
				CLANG_WARN_UNGUARDED_AVAILABILITY = YES_AGGRESSIVE;
				CLANG_WARN_UNREACHABLE_CODE = YES;
				CLANG_WARN__DUPLICATE_METHOD_MATCH = YES;
				COPY_PHASE_STRIP = NO;
				DEBUG_INFORMATION_FORMAT = "dwarf-with-dsym";
				ENABLE_NS_ASSERTIONS = NO;
				ENABLE_STRICT_OBJC_MSGSEND = YES;
				GCC_C_LANGUAGE_STANDARD = gnu11;
				GCC_NO_COMMON_BLOCKS = YES;
				GCC_WARN_64_TO_32_BIT_CONVERSION = YES;
				GCC_WARN_ABOUT_RETURN_TYPE = YES_ERROR;
				GCC_WARN_UNDECLARED_SELECTOR = YES;
				GCC_WARN_UNINITIALIZED_AUTOS = YES_AGGRESSIVE;
				GCC_WARN_UNUSED_FUNCTION = YES;
				GCC_WARN_UNUSED_VARIABLE = YES;
				IPHONEOS_DEPLOYMENT_TARGET = 16.0;
				MTL_ENABLE_DEBUG_INFO = NO;
				MTL_FAST_MATH = YES;
				PRODUCT_NAME = "$(TARGET_NAME)";
				SDKROOT = iphoneos;
				SWIFT_COMPILATION_MODE = wholemodule;
				SWIFT_OPTIMIZATION_LEVEL = "-O";
				SWIFT_VERSION = 5.9;
				TARGETED_DEVICE_FAMILY = "1,2";
			};
			name = Release;
		};
		A0DD49B08EE529BCB97580FC /* Debug */ = {
			isa = XCBuildConfiguration;
			buildSettings = {
				ALWAYS_SEARCH_USER_PATHS = NO;
				CLANG_ANALYZER_NONNULL = YES;
				CLANG_ANALYZER_NUMBER_OBJECT_CONVERSION = YES_AGGRESSIVE;
				CLANG_CXX_LANGUAGE_STANDARD = "gnu++14";
				CLANG_CXX_LIBRARY = "libc++";
				CLANG_ENABLE_MODULES = YES;
				CLANG_ENABLE_OBJC_ARC = YES;
				CLANG_ENABLE_OBJC_WEAK = YES;
				CLANG_WARN_BLOCK_CAPTURE_AUTORELEASING = YES;
				CLANG_WARN_BOOL_CONVERSION = YES;
				CLANG_WARN_COMMA = YES;
				CLANG_WARN_CONSTANT_CONVERSION = YES;
				CLANG_WARN_DEPRECATED_OBJC_IMPLEMENTATIONS = YES;
				CLANG_WARN_DIRECT_OBJC_ISA_USAGE = YES_ERROR;
				CLANG_WARN_DOCUMENTATION_COMMENTS = YES;
				CLANG_WARN_EMPTY_BODY = YES;
				CLANG_WARN_ENUM_CONVERSION = YES;
				CLANG_WARN_INFINITE_RECURSION = YES;
				CLANG_WARN_INT_CONVERSION = YES;
				CLANG_WARN_NON_LITERAL_NULL_CONVERSION = YES;
				CLANG_WARN_OBJC_IMPLICIT_RETAIN_SELF = YES;
				CLANG_WARN_OBJC_LITERAL_CONVERSION = YES;
				CLANG_WARN_OBJC_ROOT_CLASS = YES_ERROR;
				CLANG_WARN_QUOTED_INCLUDE_IN_FRAMEWORK_HEADER = YES;
				CLANG_WARN_RANGE_LOOP_ANALYSIS = YES;
				CLANG_WARN_STRICT_PROTOTYPES = YES;
				CLANG_WARN_SUSPICIOUS_MOVE = YES;
				CLANG_WARN_UNGUARDED_AVAILABILITY = YES_AGGRESSIVE;
				CLANG_WARN_UNREACHABLE_CODE = YES;
				CLANG_WARN__DUPLICATE_METHOD_MATCH = YES;
				COPY_PHASE_STRIP = NO;
				DEBUG_INFORMATION_FORMAT = dwarf;
				ENABLE_STRICT_OBJC_MSGSEND = YES;
				ENABLE_TESTABILITY = YES;
				GCC_C_LANGUAGE_STANDARD = gnu11;
				GCC_DYNAMIC_NO_PIC = NO;
				GCC_NO_COMMON_BLOCKS = YES;
				GCC_OPTIMIZATION_LEVEL = 0;
				GCC_PREPROCESSOR_DEFINITIONS = (
					"$(inherited)",
					"DEBUG=1",
				);
				GCC_WARN_64_TO_32_BIT_CONVERSION = YES;
				GCC_WARN_ABOUT_RETURN_TYPE = YES_ERROR;
				GCC_WARN_UNDECLARED_SELECTOR = YES;
				GCC_WARN_UNINITIALIZED_AUTOS = YES_AGGRESSIVE;
				GCC_WARN_UNUSED_FUNCTION = YES;
				GCC_WARN_UNUSED_VARIABLE = YES;
				IPHONEOS_DEPLOYMENT_TARGET = 16.0;
				MTL_ENABLE_DEBUG_INFO = INCLUDE_SOURCE;
				MTL_FAST_MATH = YES;
				ONLY_ACTIVE_ARCH = YES;
				PRODUCT_NAME = "$(TARGET_NAME)";
				SDKROOT = iphoneos;
				SWIFT_ACTIVE_COMPILATION_CONDITIONS = DEBUG;
				SWIFT_OPTIMIZATION_LEVEL = "-Onone";
				SWIFT_VERSION = 5.9;
				TARGETED_DEVICE_FAMILY = "1,2";
			};
			name = Debug;
		};
		A7E7EC61A8924857B0B2DAB8 /* Release */ = {
			isa = XCBuildConfiguration;
			buildSettings = {
				CODE_SIGN_ENTITLEMENTS = KeyboardExtension/KeyboardExtension.entitlements;
				CURRENT_PROJECT_VERSION = 1;
				INFOPLIST_FILE = KeyboardExtension/Info.plist;
				LD_RUNPATH_SEARCH_PATHS = (
					"$(inherited)",
					"@executable_path/Frameworks",
					"@executable_path/../../Frameworks",
				);
				MARKETING_VERSION = 1.0.0;
				PRODUCT_BUNDLE_IDENTIFIER = com.jaxon.aikeyboard.keyboard;
				SDKROOT = iphoneos;
				SKIP_INSTALL = YES;
				TARGETED_DEVICE_FAMILY = "1,2";
			};
			name = Release;
		};
		D3FFDF801CFB370752110C2B /* Debug */ = {
			isa = XCBuildConfiguration;
			buildSettings = {
				BUNDLE_LOADER = "$(TEST_HOST)";
				LD_RUNPATH_SEARCH_PATHS = (
					"$(inherited)",
					"@executable_path/Frameworks",
					"@loader_path/Frameworks",
				);
				PRODUCT_BUNDLE_IDENTIFIER = com.jaxon.aikeyboard.tests;
				SDKROOT = iphoneos;
				TARGETED_DEVICE_FAMILY = "1,2";
				TEST_HOST = "$(BUILT_PRODUCTS_DIR)/AIKeyboard.app/AIKeyboard";
			};
			name = Debug;
		};
/* End XCBuildConfiguration section */

/* Begin XCConfigurationList section */
		73DB82FEA35A7AD989667BE9 /* Build configuration list for PBXNativeTarget "AIKeyboardTests" */ = {
			isa = XCConfigurationList;
			buildConfigurations = (
				D3FFDF801CFB370752110C2B /* Debug */,
				60321FC4C30CAB00BEB43640 /* Release */,
			);
			defaultConfigurationIsVisible = 0;
			defaultConfigurationName = Debug;
		};
		828B75E2CF5213547895C3C1 /* Build configuration list for PBXProject "AIKeyboard" */ = {
			isa = XCConfigurationList;
			buildConfigurations = (
				A0DD49B08EE529BCB97580FC /* Debug */,
				8DEECEFA2EA0C8433D51A63C /* Release */,
			);
			defaultConfigurationIsVisible = 0;
			defaultConfigurationName = Debug;
		};
		DF6A158DB6AE31EAE696E385 /* Build configuration list for PBXNativeTarget "AIKeyboard" */ = {
			isa = XCConfigurationList;
			buildConfigurations = (
				3C002ADFD38BB5D8684A2FAF /* Debug */,
				0095FB51B3AE0CFECBFDB284 /* Release */,
			);
			defaultConfigurationIsVisible = 0;
			defaultConfigurationName = Debug;
		};
		ED303FB87566CDA6AD33FA04 /* Build configuration list for PBXNativeTarget "KeyboardExtension" */ = {
			isa = XCConfigurationList;
			buildConfigurations = (
				17E124CB59D2D0FE155B118A /* Debug */,
				A7E7EC61A8924857B0B2DAB8 /* Release */,
			);
			defaultConfigurationIsVisible = 0;
			defaultConfigurationName = Debug;
		};
/* End XCConfigurationList section */
	};
	rootObject = 35C086F2C3EDCBAA44AC88EC /* Project object */;
}
